// !$*UTF8*$!
{
	archiveVersion = 1;
	classes = {
	};
	objectVersion = 46;
	objects = {

/* Begin PBXBuildFile section */
		220BA50B8AA07A2589BED8B7 /* libPods-RecipeMe.a in Frameworks */ = {isa = PBXBuildFile; fileRef = A03A9DE5F479A1981245B8DF /* libPods-RecipeMe.a */; };
		34F75A056DFF53A57FBD3AEC /* libPods-RecipeMeTests.a in Frameworks */ = {isa = PBXBuildFile; fileRef = 4E191853DFC22572833285A4 /* libPods-RecipeMeTests.a */; };
		6404CC001B2DB511005B5A0D /* RecipeDetailViewController.m in Sources */ = {isa = PBXBuildFile; fileRef = 6404CBFF1B2DB511005B5A0D /* RecipeDetailViewController.m */; };
		64101E1E1B2C557B006D516D /* heartIcon.png in Resources */ = {isa = PBXBuildFile; fileRef = 64101E1D1B2C557B006D516D /* heartIcon.png */; };
		643AFBA41B2B30AD0090BC68 /* ServerConnection.m in Sources */ = {isa = PBXBuildFile; fileRef = 643AFBA31B2B30AD0090BC68 /* ServerConnection.m */; };
		643AFBA71B2B31BE0090BC68 /* ServerConnectionSpec.m in Sources */ = {isa = PBXBuildFile; fileRef = 643AFBA61B2B31BE0090BC68 /* ServerConnectionSpec.m */; };
		643AFBA81B2B33AF0090BC68 /* ServerConnection.m in Sources */ = {isa = PBXBuildFile; fileRef = 643AFBA31B2B30AD0090BC68 /* ServerConnection.m */; };
		643AFBAC1B2B45FB0090BC68 /* Recipe.m in Sources */ = {isa = PBXBuildFile; fileRef = 643AFBAB1B2B45FB0090BC68 /* Recipe.m */; };
		643AFBB11B2B468B0090BC68 /* RecipeSpec.m in Sources */ = {isa = PBXBuildFile; fileRef = 643AFBB01B2B468B0090BC68 /* RecipeSpec.m */; };
		643AFBB41B2B70A20090BC68 /* RecipesListViewController.m in Sources */ = {isa = PBXBuildFile; fileRef = 643AFBB31B2B70A20090BC68 /* RecipesListViewController.m */; };
		643AFBBC1B2B72DE0090BC68 /* RecipesListTableViewCell.m in Sources */ = {isa = PBXBuildFile; fileRef = 643AFBBA1B2B72DE0090BC68 /* RecipesListTableViewCell.m */; };
		643AFBBD1B2B72DE0090BC68 /* RecipesListTableViewCell.xib in Resources */ = {isa = PBXBuildFile; fileRef = 643AFBBB1B2B72DE0090BC68 /* RecipesListTableViewCell.xib */; };
		643AFBBF1B2B89D90090BC68 /* kartofel.jpg in Resources */ = {isa = PBXBuildFile; fileRef = 643AFBBE1B2B89D90090BC68 /* kartofel.jpg */; };
		643AFBC11B2C00330090BC68 /* recipes_placeholder.png in Resources */ = {isa = PBXBuildFile; fileRef = 643AFBC01B2C00330090BC68 /* recipes_placeholder.png */; };
		643AFBC51B2C106C0090BC68 /* User.m in Sources */ = {isa = PBXBuildFile; fileRef = 643AFBC41B2C106C0090BC68 /* User.m */; };
		643AFBC71B2C1C5C0090BC68 /* difficultIcon.png in Resources */ = {isa = PBXBuildFile; fileRef = 643AFBC61B2C1C5C0090BC68 /* difficultIcon.png */; };
		643AFBC91B2C1FF40090BC68 /* personsIcon.png in Resources */ = {isa = PBXBuildFile; fileRef = 643AFBC81B2C1FF40090BC68 /* personsIcon.png */; };
		643AFBCB1B2C22310090BC68 /* timeIcon.png in Resources */ = {isa = PBXBuildFile; fileRef = 643AFBCA1B2C22310090BC68 /* timeIcon.png */; };
		643AFBD51B2C30410090BC68 /* Localizable.strings in Resources */ = {isa = PBXBuildFile; fileRef = 643AFBD71B2C30410090BC68 /* Localizable.strings */; };
		643AFBDD1B2C3EAB0090BC68 /* searcIcon.png in Resources */ = {isa = PBXBuildFile; fileRef = 643AFBDC1B2C3EAB0090BC68 /* searcIcon.png */; };
		6455C3B21B3BE1FF0013872F /* StepSpec.m in Sources */ = {isa = PBXBuildFile; fileRef = 6455C3B11B3BE1FF0013872F /* StepSpec.m */; };
		6455C3B51B3BE2480013872F /* Step.m in Sources */ = {isa = PBXBuildFile; fileRef = 6455C3B41B3BE2480013872F /* Step.m */; };
		6455C3BA1B3BEFDF0013872F /* StepTableViewCell.m in Sources */ = {isa = PBXBuildFile; fileRef = 6455C3B81B3BEFDF0013872F /* StepTableViewCell.m */; };
		6455C3BB1B3BEFDF0013872F /* StepTableViewCell.xib in Resources */ = {isa = PBXBuildFile; fileRef = 6455C3B91B3BEFDF0013872F /* StepTableViewCell.xib */; };
		6455C3BF1B3BFF790013872F /* Ingridient.m in Sources */ = {isa = PBXBuildFile; fileRef = 6455C3BE1B3BFF790013872F /* Ingridient.m */; };
		6455C3C21B3BFF960013872F /* IngridientSpec.m in Sources */ = {isa = PBXBuildFile; fileRef = 6455C3C11B3BFF960013872F /* IngridientSpec.m */; };
		6455C3CA1B3C03C60013872F /* IngridientsTableViewCell.m in Sources */ = {isa = PBXBuildFile; fileRef = 6455C3C81B3C03C60013872F /* IngridientsTableViewCell.m */; };
		6455C3CB1B3C03C60013872F /* IngridientsTableViewCell.xib in Resources */ = {isa = PBXBuildFile; fileRef = 6455C3C91B3C03C60013872F /* IngridientsTableViewCell.xib */; };
		6455C3CF1B3C09FF0013872F /* IngridientHeaderTableViewCell.m in Sources */ = {isa = PBXBuildFile; fileRef = 6455C3CD1B3C09FF0013872F /* IngridientHeaderTableViewCell.m */; };
		6455C3D01B3C09FF0013872F /* IngridientHeaderTableViewCell.xib in Resources */ = {isa = PBXBuildFile; fileRef = 6455C3CE1B3C09FF0013872F /* IngridientHeaderTableViewCell.xib */; };
		6455C3D41B3C0C230013872F /* StepHeaderTableViewCell.m in Sources */ = {isa = PBXBuildFile; fileRef = 6455C3D21B3C0C230013872F /* StepHeaderTableViewCell.m */; };
		6455C3D51B3C0C230013872F /* StepHeaderTableViewCell.xib in Resources */ = {isa = PBXBuildFile; fileRef = 6455C3D31B3C0C230013872F /* StepHeaderTableViewCell.xib */; };
		6467E0E41B42A41E001BB1CD /* commentFormView.xib in Resources */ = {isa = PBXBuildFile; fileRef = 6467E0E31B42A41E001BB1CD /* commentFormView.xib */; };
		6467E0E61B42A53C001BB1CD /* commentCreateIcon.png in Resources */ = {isa = PBXBuildFile; fileRef = 6467E0E51B42A53C001BB1CD /* commentCreateIcon.png */; };
		6467E0EA1B42A5FE001BB1CD /* stepsIcon.png in Resources */ = {isa = PBXBuildFile; fileRef = 6467E0E71B42A5FD001BB1CD /* stepsIcon.png */; };
		6467E0EB1B42A5FE001BB1CD /* ingridientsIcon.png in Resources */ = {isa = PBXBuildFile; fileRef = 6467E0E81B42A5FE001BB1CD /* ingridientsIcon.png */; };
		6467E0EC1B42A5FE001BB1CD /* commentIcon.png in Resources */ = {isa = PBXBuildFile; fileRef = 6467E0E91B42A5FE001BB1CD /* commentIcon.png */; };
		6467E0EF1B42A72F001BB1CD /* commentForm.m in Sources */ = {isa = PBXBuildFile; fileRef = 6467E0EE1B42A72F001BB1CD /* commentForm.m */; };
		647031F31B2AF0420084D58A /* main.m in Sources */ = {isa = PBXBuildFile; fileRef = 647031F21B2AF0420084D58A /* main.m */; };
		647031F61B2AF0420084D58A /* AppDelegate.m in Sources */ = {isa = PBXBuildFile; fileRef = 647031F51B2AF0420084D58A /* AppDelegate.m */; };
		647031F91B2AF0420084D58A /* ViewController.m in Sources */ = {isa = PBXBuildFile; fileRef = 647031F81B2AF0420084D58A /* ViewController.m */; };
		647031FC1B2AF0420084D58A /* Main.storyboard in Resources */ = {isa = PBXBuildFile; fileRef = 647031FA1B2AF0420084D58A /* Main.storyboard */; };
		647031FE1B2AF0420084D58A /* Images.xcassets in Resources */ = {isa = PBXBuildFile; fileRef = 647031FD1B2AF0420084D58A /* Images.xcassets */; };
		647032011B2AF0420084D58A /* LaunchScreen.xib in Resources */ = {isa = PBXBuildFile; fileRef = 647031FF1B2AF0420084D58A /* LaunchScreen.xib */; };
		64BD17E41B45EB4000DA2B36 /* UsersViewController.m in Sources */ = {isa = PBXBuildFile; fileRef = 64BD17E31B45EB4000DA2B36 /* UsersViewController.m */; };
		64C5B17E1B481DEC0043C9D3 /* SWRevealViewController.m in Sources */ = {isa = PBXBuildFile; fileRef = 64C5B17D1B481DEC0043C9D3 /* SWRevealViewController.m */; };
		64C5B1821B4824850043C9D3 /* SidebarViewController.m in Sources */ = {isa = PBXBuildFile; fileRef = 64C5B1811B4824850043C9D3 /* SidebarViewController.m */; };
		64C5B1841B4824E60043C9D3 /* menu-32.png in Resources */ = {isa = PBXBuildFile; fileRef = 64C5B1831B4824E60043C9D3 /* menu-32.png */; };
		64F7FCF61B2D4DCB00286053 /* RecipesListViewController.m in Sources */ = {isa = PBXBuildFile; fileRef = 643AFBB31B2B70A20090BC68 /* RecipesListViewController.m */; };
		64FFCD3D1B3C308800A4DDCC /* Comment.m in Sources */ = {isa = PBXBuildFile; fileRef = 64FFCD3C1B3C308800A4DDCC /* Comment.m */; };
		64FFCD401B3C318500A4DDCC /* CommentSpec.m in Sources */ = {isa = PBXBuildFile; fileRef = 64FFCD3F1B3C318500A4DDCC /* CommentSpec.m */; };
		64FFCD461B3C343D00A4DDCC /* CommentTableViewCell.m in Sources */ = {isa = PBXBuildFile; fileRef = 64FFCD441B3C343D00A4DDCC /* CommentTableViewCell.m */; };
		64FFCD471B3C343D00A4DDCC /* CommentTableViewCell.xib in Resources */ = {isa = PBXBuildFile; fileRef = 64FFCD451B3C343D00A4DDCC /* CommentTableViewCell.xib */; };
		64FFCD4E1B3C346500A4DDCC /* CommentHeaderTableViewCell.m in Sources */ = {isa = PBXBuildFile; fileRef = 64FFCD4C1B3C346500A4DDCC /* CommentHeaderTableViewCell.m */; };
		64FFCD4F1B3C346500A4DDCC /* CommentHeaderTableViewCell.xib in Resources */ = {isa = PBXBuildFile; fileRef = 64FFCD4D1B3C346500A4DDCC /* CommentHeaderTableViewCell.xib */; };
/* End PBXBuildFile section */

/* Begin PBXContainerItemProxy section */
		647032071B2AF0420084D58A /* PBXContainerItemProxy */ = {
			isa = PBXContainerItemProxy;
			containerPortal = 647031E51B2AF0420084D58A /* Project object */;
			proxyType = 1;
			remoteGlobalIDString = 647031EC1B2AF0420084D58A;
			remoteInfo = RecipeMe;
		};
/* End PBXContainerItemProxy section */

/* Begin PBXFileReference section */
		4E191853DFC22572833285A4 /* libPods-RecipeMeTests.a */ = {isa = PBXFileReference; explicitFileType = archive.ar; includeInIndex = 0; path = "libPods-RecipeMeTests.a"; sourceTree = BUILT_PRODUCTS_DIR; };
		615E452ACEAC29CBF7F2D650 /* Pods-RecipeMeTests.release.xcconfig */ = {isa = PBXFileReference; includeInIndex = 1; lastKnownFileType = text.xcconfig; name = "Pods-RecipeMeTests.release.xcconfig"; path = "Pods/Target Support Files/Pods-RecipeMeTests/Pods-RecipeMeTests.release.xcconfig"; sourceTree = "<group>"; };
		6402BC8A1B45E62300F0A6F8 /* StepCellDelegate.h */ = {isa = PBXFileReference; lastKnownFileType = sourcecode.c.h; path = StepCellDelegate.h; sourceTree = "<group>"; };
		6404CBFE1B2DB511005B5A0D /* RecipeDetailViewController.h */ = {isa = PBXFileReference; fileEncoding = 4; lastKnownFileType = sourcecode.c.h; path = RecipeDetailViewController.h; sourceTree = "<group>"; };
		6404CBFF1B2DB511005B5A0D /* RecipeDetailViewController.m */ = {isa = PBXFileReference; fileEncoding = 4; lastKnownFileType = sourcecode.c.objc; path = RecipeDetailViewController.m; sourceTree = "<group>"; };
		64101E1D1B2C557B006D516D /* heartIcon.png */ = {isa = PBXFileReference; lastKnownFileType = image.png; path = heartIcon.png; sourceTree = "<group>"; };
		643AFBA21B2B30AD0090BC68 /* ServerConnection.h */ = {isa = PBXFileReference; fileEncoding = 4; lastKnownFileType = sourcecode.c.h; path = ServerConnection.h; sourceTree = "<group>"; };
		643AFBA31B2B30AD0090BC68 /* ServerConnection.m */ = {isa = PBXFileReference; fileEncoding = 4; lastKnownFileType = sourcecode.c.objc; path = ServerConnection.m; sourceTree = "<group>"; };
		643AFBA61B2B31BE0090BC68 /* ServerConnectionSpec.m */ = {isa = PBXFileReference; fileEncoding = 4; lastKnownFileType = sourcecode.c.objc; path = ServerConnectionSpec.m; sourceTree = "<group>"; };
		643AFBAA1B2B45FB0090BC68 /* Recipe.h */ = {isa = PBXFileReference; fileEncoding = 4; lastKnownFileType = sourcecode.c.h; path = Recipe.h; sourceTree = "<group>"; };
		643AFBAB1B2B45FB0090BC68 /* Recipe.m */ = {isa = PBXFileReference; fileEncoding = 4; lastKnownFileType = sourcecode.c.objc; path = Recipe.m; sourceTree = "<group>"; };
		643AFBB01B2B468B0090BC68 /* RecipeSpec.m */ = {isa = PBXFileReference; fileEncoding = 4; lastKnownFileType = sourcecode.c.objc; path = RecipeSpec.m; sourceTree = "<group>"; };
		643AFBB21B2B70A20090BC68 /* RecipesListViewController.h */ = {isa = PBXFileReference; fileEncoding = 4; lastKnownFileType = sourcecode.c.h; path = RecipesListViewController.h; sourceTree = "<group>"; };
		643AFBB31B2B70A20090BC68 /* RecipesListViewController.m */ = {isa = PBXFileReference; fileEncoding = 4; lastKnownFileType = sourcecode.c.objc; path = RecipesListViewController.m; sourceTree = "<group>"; };
		643AFBB91B2B72DE0090BC68 /* RecipesListTableViewCell.h */ = {isa = PBXFileReference; fileEncoding = 4; lastKnownFileType = sourcecode.c.h; path = RecipesListTableViewCell.h; sourceTree = "<group>"; };
		643AFBBA1B2B72DE0090BC68 /* RecipesListTableViewCell.m */ = {isa = PBXFileReference; fileEncoding = 4; lastKnownFileType = sourcecode.c.objc; path = RecipesListTableViewCell.m; sourceTree = "<group>"; };
		643AFBBB1B2B72DE0090BC68 /* RecipesListTableViewCell.xib */ = {isa = PBXFileReference; fileEncoding = 4; lastKnownFileType = file.xib; path = RecipesListTableViewCell.xib; sourceTree = "<group>"; };
		643AFBBE1B2B89D90090BC68 /* kartofel.jpg */ = {isa = PBXFileReference; lastKnownFileType = image.jpeg; path = kartofel.jpg; sourceTree = "<group>"; };
		643AFBC01B2C00330090BC68 /* recipes_placeholder.png */ = {isa = PBXFileReference; lastKnownFileType = image.png; path = recipes_placeholder.png; sourceTree = "<group>"; };
		643AFBC31B2C106C0090BC68 /* User.h */ = {isa = PBXFileReference; fileEncoding = 4; lastKnownFileType = sourcecode.c.h; path = User.h; sourceTree = "<group>"; };
		643AFBC41B2C106C0090BC68 /* User.m */ = {isa = PBXFileReference; fileEncoding = 4; lastKnownFileType = sourcecode.c.objc; path = User.m; sourceTree = "<group>"; };
		643AFBC61B2C1C5C0090BC68 /* difficultIcon.png */ = {isa = PBXFileReference; lastKnownFileType = image.png; path = difficultIcon.png; sourceTree = "<group>"; };
		643AFBC81B2C1FF40090BC68 /* personsIcon.png */ = {isa = PBXFileReference; lastKnownFileType = image.png; path = personsIcon.png; sourceTree = "<group>"; };
		643AFBCA1B2C22310090BC68 /* timeIcon.png */ = {isa = PBXFileReference; lastKnownFileType = image.png; path = timeIcon.png; sourceTree = "<group>"; };
		643AFBD61B2C30410090BC68 /* Base */ = {isa = PBXFileReference; lastKnownFileType = text.plist.strings; name = Base; path = Base.lproj/Localizable.strings; sourceTree = "<group>"; };
		643AFBD81B2C30440090BC68 /* en */ = {isa = PBXFileReference; lastKnownFileType = text.plist.strings; name = en; path = en.lproj/Localizable.strings; sourceTree = "<group>"; };
		643AFBD91B2C30450090BC68 /* ru */ = {isa = PBXFileReference; lastKnownFileType = text.plist.strings; name = ru; path = ru.lproj/Localizable.strings; sourceTree = "<group>"; };
		643AFBDC1B2C3EAB0090BC68 /* searcIcon.png */ = {isa = PBXFileReference; lastKnownFileType = image.png; path = searcIcon.png; sourceTree = "<group>"; };
		6455C3B11B3BE1FF0013872F /* StepSpec.m */ = {isa = PBXFileReference; fileEncoding = 4; lastKnownFileType = sourcecode.c.objc; path = StepSpec.m; sourceTree = "<group>"; };
		6455C3B31B3BE2480013872F /* Step.h */ = {isa = PBXFileReference; fileEncoding = 4; lastKnownFileType = sourcecode.c.h; path = Step.h; sourceTree = "<group>"; };
		6455C3B41B3BE2480013872F /* Step.m */ = {isa = PBXFileReference; fileEncoding = 4; lastKnownFileType = sourcecode.c.objc; path = Step.m; sourceTree = "<group>"; };
		6455C3B71B3BEFDF0013872F /* StepTableViewCell.h */ = {isa = PBXFileReference; fileEncoding = 4; lastKnownFileType = sourcecode.c.h; path = StepTableViewCell.h; sourceTree = "<group>"; };
		6455C3B81B3BEFDF0013872F /* StepTableViewCell.m */ = {isa = PBXFileReference; fileEncoding = 4; lastKnownFileType = sourcecode.c.objc; path = StepTableViewCell.m; sourceTree = "<group>"; };
		6455C3B91B3BEFDF0013872F /* StepTableViewCell.xib */ = {isa = PBXFileReference; fileEncoding = 4; lastKnownFileType = file.xib; path = StepTableViewCell.xib; sourceTree = "<group>"; };
		6455C3BD1B3BFF790013872F /* Ingridient.h */ = {isa = PBXFileReference; fileEncoding = 4; lastKnownFileType = sourcecode.c.h; path = Ingridient.h; sourceTree = "<group>"; };
		6455C3BE1B3BFF790013872F /* Ingridient.m */ = {isa = PBXFileReference; fileEncoding = 4; lastKnownFileType = sourcecode.c.objc; path = Ingridient.m; sourceTree = "<group>"; };
		6455C3C11B3BFF960013872F /* IngridientSpec.m */ = {isa = PBXFileReference; fileEncoding = 4; lastKnownFileType = sourcecode.c.objc; path = IngridientSpec.m; sourceTree = "<group>"; };
		6455C3C71B3C03C60013872F /* IngridientsTableViewCell.h */ = {isa = PBXFileReference; fileEncoding = 4; lastKnownFileType = sourcecode.c.h; path = IngridientsTableViewCell.h; sourceTree = "<group>"; };
		6455C3C81B3C03C60013872F /* IngridientsTableViewCell.m */ = {isa = PBXFileReference; fileEncoding = 4; lastKnownFileType = sourcecode.c.objc; path = IngridientsTableViewCell.m; sourceTree = "<group>"; };
		6455C3C91B3C03C60013872F /* IngridientsTableViewCell.xib */ = {isa = PBXFileReference; fileEncoding = 4; lastKnownFileType = file.xib; path = IngridientsTableViewCell.xib; sourceTree = "<group>"; };
		6455C3CC1B3C09FF0013872F /* IngridientHeaderTableViewCell.h */ = {isa = PBXFileReference; fileEncoding = 4; lastKnownFileType = sourcecode.c.h; path = IngridientHeaderTableViewCell.h; sourceTree = "<group>"; };
		6455C3CD1B3C09FF0013872F /* IngridientHeaderTableViewCell.m */ = {isa = PBXFileReference; fileEncoding = 4; lastKnownFileType = sourcecode.c.objc; path = IngridientHeaderTableViewCell.m; sourceTree = "<group>"; };
		6455C3CE1B3C09FF0013872F /* IngridientHeaderTableViewCell.xib */ = {isa = PBXFileReference; fileEncoding = 4; lastKnownFileType = file.xib; path = IngridientHeaderTableViewCell.xib; sourceTree = "<group>"; };
		6455C3D11B3C0C230013872F /* StepHeaderTableViewCell.h */ = {isa = PBXFileReference; fileEncoding = 4; lastKnownFileType = sourcecode.c.h; path = StepHeaderTableViewCell.h; sourceTree = "<group>"; };
		6455C3D21B3C0C230013872F /* StepHeaderTableViewCell.m */ = {isa = PBXFileReference; fileEncoding = 4; lastKnownFileType = sourcecode.c.objc; path = StepHeaderTableViewCell.m; sourceTree = "<group>"; };
		6455C3D31B3C0C230013872F /* StepHeaderTableViewCell.xib */ = {isa = PBXFileReference; fileEncoding = 4; lastKnownFileType = file.xib; path = StepHeaderTableViewCell.xib; sourceTree = "<group>"; };
		6467E0E31B42A41E001BB1CD /* commentFormView.xib */ = {isa = PBXFileReference; fileEncoding = 4; lastKnownFileType = file.xib; path = commentFormView.xib; sourceTree = "<group>"; };
		6467E0E51B42A53C001BB1CD /* commentCreateIcon.png */ = {isa = PBXFileReference; lastKnownFileType = image.png; path = commentCreateIcon.png; sourceTree = "<group>"; };
		6467E0E71B42A5FD001BB1CD /* stepsIcon.png */ = {isa = PBXFileReference; lastKnownFileType = image.png; path = stepsIcon.png; sourceTree = "<group>"; };
		6467E0E81B42A5FE001BB1CD /* ingridientsIcon.png */ = {isa = PBXFileReference; lastKnownFileType = image.png; path = ingridientsIcon.png; sourceTree = "<group>"; };
		6467E0E91B42A5FE001BB1CD /* commentIcon.png */ = {isa = PBXFileReference; lastKnownFileType = image.png; path = commentIcon.png; sourceTree = "<group>"; };
		6467E0ED1B42A72F001BB1CD /* commentForm.h */ = {isa = PBXFileReference; fileEncoding = 4; lastKnownFileType = sourcecode.c.h; path = commentForm.h; sourceTree = "<group>"; };
		6467E0EE1B42A72F001BB1CD /* commentForm.m */ = {isa = PBXFileReference; fileEncoding = 4; lastKnownFileType = sourcecode.c.objc; path = commentForm.m; sourceTree = "<group>"; };
		647031ED1B2AF0420084D58A /* RecipeMe.app */ = {isa = PBXFileReference; explicitFileType = wrapper.application; includeInIndex = 0; path = RecipeMe.app; sourceTree = BUILT_PRODUCTS_DIR; };
		647031F11B2AF0420084D58A /* Info.plist */ = {isa = PBXFileReference; lastKnownFileType = text.plist.xml; path = Info.plist; sourceTree = "<group>"; };
		647031F21B2AF0420084D58A /* main.m */ = {isa = PBXFileReference; lastKnownFileType = sourcecode.c.objc; path = main.m; sourceTree = "<group>"; };
		647031F41B2AF0420084D58A /* AppDelegate.h */ = {isa = PBXFileReference; lastKnownFileType = sourcecode.c.h; path = AppDelegate.h; sourceTree = "<group>"; };
		647031F51B2AF0420084D58A /* AppDelegate.m */ = {isa = PBXFileReference; lastKnownFileType = sourcecode.c.objc; path = AppDelegate.m; sourceTree = "<group>"; };
		647031F71B2AF0420084D58A /* ViewController.h */ = {isa = PBXFileReference; lastKnownFileType = sourcecode.c.h; path = ViewController.h; sourceTree = "<group>"; };
		647031F81B2AF0420084D58A /* ViewController.m */ = {isa = PBXFileReference; lastKnownFileType = sourcecode.c.objc; path = ViewController.m; sourceTree = "<group>"; };
		647031FB1B2AF0420084D58A /* Base */ = {isa = PBXFileReference; lastKnownFileType = file.storyboard; name = Base; path = Base.lproj/Main.storyboard; sourceTree = "<group>"; };
		647031FD1B2AF0420084D58A /* Images.xcassets */ = {isa = PBXFileReference; lastKnownFileType = folder.assetcatalog; path = Images.xcassets; sourceTree = "<group>"; };
		647032001B2AF0420084D58A /* Base */ = {isa = PBXFileReference; lastKnownFileType = file.xib; name = Base; path = Base.lproj/LaunchScreen.xib; sourceTree = "<group>"; };
		647032061B2AF0420084D58A /* RecipeMeTests.xctest */ = {isa = PBXFileReference; explicitFileType = wrapper.cfbundle; includeInIndex = 0; path = RecipeMeTests.xctest; sourceTree = BUILT_PRODUCTS_DIR; };
		6470320B1B2AF0420084D58A /* Info.plist */ = {isa = PBXFileReference; lastKnownFileType = text.plist.xml; path = Info.plist; sourceTree = "<group>"; };
		64B3A9081B4305D70050F328 /* RecipeCellDelegate.h */ = {isa = PBXFileReference; lastKnownFileType = sourcecode.c.h; path = RecipeCellDelegate.h; sourceTree = "<group>"; };
		64BD17E21B45EB4000DA2B36 /* UsersViewController.h */ = {isa = PBXFileReference; fileEncoding = 4; lastKnownFileType = sourcecode.c.h; path = UsersViewController.h; sourceTree = "<group>"; };
		64BD17E31B45EB4000DA2B36 /* UsersViewController.m */ = {isa = PBXFileReference; fileEncoding = 4; lastKnownFileType = sourcecode.c.objc; path = UsersViewController.m; sourceTree = "<group>"; };
		64BD17E51B45F28300DA2B36 /* UserDelegate.h */ = {isa = PBXFileReference; lastKnownFileType = sourcecode.c.h; path = UserDelegate.h; sourceTree = "<group>"; };
		64C5B17C1B481DEC0043C9D3 /* SWRevealViewController.h */ = {isa = PBXFileReference; fileEncoding = 4; lastKnownFileType = sourcecode.c.h; path = SWRevealViewController.h; sourceTree = "<group>"; };
		64C5B17D1B481DEC0043C9D3 /* SWRevealViewController.m */ = {isa = PBXFileReference; fileEncoding = 4; lastKnownFileType = sourcecode.c.objc; path = SWRevealViewController.m; sourceTree = "<group>"; };
		64C5B1801B4824850043C9D3 /* SidebarViewController.h */ = {isa = PBXFileReference; fileEncoding = 4; lastKnownFileType = sourcecode.c.h; path = SidebarViewController.h; sourceTree = "<group>"; };
		64C5B1811B4824850043C9D3 /* SidebarViewController.m */ = {isa = PBXFileReference; fileEncoding = 4; lastKnownFileType = sourcecode.c.objc; path = SidebarViewController.m; sourceTree = "<group>"; };
		64C5B1831B4824E60043C9D3 /* menu-32.png */ = {isa = PBXFileReference; lastKnownFileType = image.png; path = "menu-32.png"; sourceTree = "<group>"; };
		64FFCD3B1B3C308800A4DDCC /* Comment.h */ = {isa = PBXFileReference; fileEncoding = 4; lastKnownFileType = sourcecode.c.h; path = Comment.h; sourceTree = "<group>"; };
		64FFCD3C1B3C308800A4DDCC /* Comment.m */ = {isa = PBXFileReference; fileEncoding = 4; lastKnownFileType = sourcecode.c.objc; path = Comment.m; sourceTree = "<group>"; };
		64FFCD3F1B3C318500A4DDCC /* CommentSpec.m */ = {isa = PBXFileReference; fileEncoding = 4; lastKnownFileType = sourcecode.c.objc; path = CommentSpec.m; sourceTree = "<group>"; };
		64FFCD431B3C343D00A4DDCC /* CommentTableViewCell.h */ = {isa = PBXFileReference; fileEncoding = 4; lastKnownFileType = sourcecode.c.h; path = CommentTableViewCell.h; sourceTree = "<group>"; };
		64FFCD441B3C343D00A4DDCC /* CommentTableViewCell.m */ = {isa = PBXFileReference; fileEncoding = 4; lastKnownFileType = sourcecode.c.objc; path = CommentTableViewCell.m; sourceTree = "<group>"; };
		64FFCD451B3C343D00A4DDCC /* CommentTableViewCell.xib */ = {isa = PBXFileReference; fileEncoding = 4; lastKnownFileType = file.xib; path = CommentTableViewCell.xib; sourceTree = "<group>"; };
		64FFCD4B1B3C346500A4DDCC /* CommentHeaderTableViewCell.h */ = {isa = PBXFileReference; fileEncoding = 4; lastKnownFileType = sourcecode.c.h; path = CommentHeaderTableViewCell.h; sourceTree = "<group>"; };
		64FFCD4C1B3C346500A4DDCC /* CommentHeaderTableViewCell.m */ = {isa = PBXFileReference; fileEncoding = 4; lastKnownFileType = sourcecode.c.objc; path = CommentHeaderTableViewCell.m; sourceTree = "<group>"; };
		64FFCD4D1B3C346500A4DDCC /* CommentHeaderTableViewCell.xib */ = {isa = PBXFileReference; fileEncoding = 4; lastKnownFileType = file.xib; path = CommentHeaderTableViewCell.xib; sourceTree = "<group>"; };
		A03A9DE5F479A1981245B8DF /* libPods-RecipeMe.a */ = {isa = PBXFileReference; explicitFileType = archive.ar; includeInIndex = 0; path = "libPods-RecipeMe.a"; sourceTree = BUILT_PRODUCTS_DIR; };
		A481FD8DD02C38121CA82199 /* Pods-RecipeMe.release.xcconfig */ = {isa = PBXFileReference; includeInIndex = 1; lastKnownFileType = text.xcconfig; name = "Pods-RecipeMe.release.xcconfig"; path = "Pods/Target Support Files/Pods-RecipeMe/Pods-RecipeMe.release.xcconfig"; sourceTree = "<group>"; };
		A9B5E53A283533F0ADF9BF76 /* Pods-RecipeMe.debug.xcconfig */ = {isa = PBXFileReference; includeInIndex = 1; lastKnownFileType = text.xcconfig; name = "Pods-RecipeMe.debug.xcconfig"; path = "Pods/Target Support Files/Pods-RecipeMe/Pods-RecipeMe.debug.xcconfig"; sourceTree = "<group>"; };
		CD4F2962DC779CACDE5F561B /* Pods-RecipeMeTests.debug.xcconfig */ = {isa = PBXFileReference; includeInIndex = 1; lastKnownFileType = text.xcconfig; name = "Pods-RecipeMeTests.debug.xcconfig"; path = "Pods/Target Support Files/Pods-RecipeMeTests/Pods-RecipeMeTests.debug.xcconfig"; sourceTree = "<group>"; };
/* End PBXFileReference section */

/* Begin PBXFrameworksBuildPhase section */
		647031EA1B2AF0420084D58A /* Frameworks */ = {
			isa = PBXFrameworksBuildPhase;
			buildActionMask = 2147483647;
			files = (
				220BA50B8AA07A2589BED8B7 /* libPods-RecipeMe.a in Frameworks */,
			);
			runOnlyForDeploymentPostprocessing = 0;
		};
		647032031B2AF0420084D58A /* Frameworks */ = {
			isa = PBXFrameworksBuildPhase;
			buildActionMask = 2147483647;
			files = (
				34F75A056DFF53A57FBD3AEC /* libPods-RecipeMeTests.a in Frameworks */,
			);
			runOnlyForDeploymentPostprocessing = 0;
		};
/* End PBXFrameworksBuildPhase section */

/* Begin PBXGroup section */
		643AFBA11B2B30740090BC68 /* ServerConnection */ = {
			isa = PBXGroup;
			children = (
				643AFBA21B2B30AD0090BC68 /* ServerConnection.h */,
				643AFBA31B2B30AD0090BC68 /* ServerConnection.m */,
			);
			name = ServerConnection;
			sourceTree = "<group>";
		};
		643AFBA51B2B31AD0090BC68 /* ServerConnection */ = {
			isa = PBXGroup;
			children = (
				643AFBA61B2B31BE0090BC68 /* ServerConnectionSpec.m */,
			);
			name = ServerConnection;
			sourceTree = "<group>";
		};
		643AFBA91B2B45E70090BC68 /* recipe */ = {
			isa = PBXGroup;
			children = (
				643AFBAA1B2B45FB0090BC68 /* Recipe.h */,
				643AFBAB1B2B45FB0090BC68 /* Recipe.m */,
			);
			name = recipe;
			sourceTree = "<group>";
		};
		643AFBAD1B2B46590090BC68 /* Recipe */ = {
			isa = PBXGroup;
			children = (
				643AFBB01B2B468B0090BC68 /* RecipeSpec.m */,
			);
			name = Recipe;
			sourceTree = "<group>";
		};
		643AFBB51B2B71350090BC68 /* recipes */ = {
			isa = PBXGroup;
			children = (
				643AFBB91B2B72DE0090BC68 /* RecipesListTableViewCell.h */,
				643AFBBA1B2B72DE0090BC68 /* RecipesListTableViewCell.m */,
				643AFBBB1B2B72DE0090BC68 /* RecipesListTableViewCell.xib */,
			);
			name = recipes;
			sourceTree = "<group>";
		};
		643AFBC21B2C10550090BC68 /* user */ = {
			isa = PBXGroup;
			children = (
				643AFBC31B2C106C0090BC68 /* User.h */,
				643AFBC41B2C106C0090BC68 /* User.m */,
			);
			name = user;
			sourceTree = "<group>";
		};
		6455C3AF1B3BE1D50013872F /* step */ = {
			isa = PBXGroup;
			children = (
				6455C3B31B3BE2480013872F /* Step.h */,
				6455C3B41B3BE2480013872F /* Step.m */,
			);
			name = step;
			sourceTree = "<group>";
		};
		6455C3B01B3BE1ED0013872F /* Step */ = {
			isa = PBXGroup;
			children = (
				6455C3B11B3BE1FF0013872F /* StepSpec.m */,
			);
			name = Step;
			sourceTree = "<group>";
		};
		6455C3B61B3BEFC50013872F /* steps */ = {
			isa = PBXGroup;
			children = (
				6455C3B71B3BEFDF0013872F /* StepTableViewCell.h */,
				6455C3B81B3BEFDF0013872F /* StepTableViewCell.m */,
				6455C3B91B3BEFDF0013872F /* StepTableViewCell.xib */,
				6455C3D11B3C0C230013872F /* StepHeaderTableViewCell.h */,
				6455C3D21B3C0C230013872F /* StepHeaderTableViewCell.m */,
				6455C3D31B3C0C230013872F /* StepHeaderTableViewCell.xib */,
			);
			name = steps;
			sourceTree = "<group>";
		};
		6455C3BC1B3BFF620013872F /* ingridient */ = {
			isa = PBXGroup;
			children = (
				6455C3BD1B3BFF790013872F /* Ingridient.h */,
				6455C3BE1B3BFF790013872F /* Ingridient.m */,
			);
			name = ingridient;
			sourceTree = "<group>";
		};
		6455C3C01B3BFF870013872F /* Ingridient */ = {
			isa = PBXGroup;
			children = (
				6455C3C11B3BFF960013872F /* IngridientSpec.m */,
			);
			name = Ingridient;
			sourceTree = "<group>";
		};
		6455C3C31B3C03560013872F /* ingridients */ = {
			isa = PBXGroup;
			children = (
				6455C3C71B3C03C60013872F /* IngridientsTableViewCell.h */,
				6455C3C81B3C03C60013872F /* IngridientsTableViewCell.m */,
				6455C3C91B3C03C60013872F /* IngridientsTableViewCell.xib */,
				6455C3CC1B3C09FF0013872F /* IngridientHeaderTableViewCell.h */,
				6455C3CD1B3C09FF0013872F /* IngridientHeaderTableViewCell.m */,
				6455C3CE1B3C09FF0013872F /* IngridientHeaderTableViewCell.xib */,
			);
			name = ingridients;
			sourceTree = "<group>";
		};
		647031E41B2AF0420084D58A = {
			isa = PBXGroup;
			children = (
				643AFBD71B2C30410090BC68 /* Localizable.strings */,
				647031EF1B2AF0420084D58A /* RecipeMe */,
				647032091B2AF0420084D58A /* RecipeMeTests */,
				647031EE1B2AF0420084D58A /* Products */,
				64CA8EC189E6C311A2CF3B50 /* Pods */,
				FA7D341202A684A2FB45CA1D /* Frameworks */,
			);
			sourceTree = "<group>";
		};
		647031EE1B2AF0420084D58A /* Products */ = {
			isa = PBXGroup;
			children = (
				647031ED1B2AF0420084D58A /* RecipeMe.app */,
				647032061B2AF0420084D58A /* RecipeMeTests.xctest */,
			);
			name = Products;
			sourceTree = "<group>";
		};
		647031EF1B2AF0420084D58A /* RecipeMe */ = {
			isa = PBXGroup;
			children = (
				647876001B2B0A9800401720 /* Views */,
				647875FF1B2B0A9000401720 /* Controllers */,
				647875FE1B2B0A8700401720 /* Models */,
				647031F41B2AF0420084D58A /* AppDelegate.h */,
				647031F51B2AF0420084D58A /* AppDelegate.m */,
				647031F71B2AF0420084D58A /* ViewController.h */,
				647031F81B2AF0420084D58A /* ViewController.m */,
				647031FA1B2AF0420084D58A /* Main.storyboard */,
				647031FD1B2AF0420084D58A /* Images.xcassets */,
				6467E0E51B42A53C001BB1CD /* commentCreateIcon.png */,
				64C5B1831B4824E60043C9D3 /* menu-32.png */,
				6467E0E71B42A5FD001BB1CD /* stepsIcon.png */,
				6467E0E81B42A5FE001BB1CD /* ingridientsIcon.png */,
				6467E0E91B42A5FE001BB1CD /* commentIcon.png */,
				64101E1D1B2C557B006D516D /* heartIcon.png */,
				643AFBDC1B2C3EAB0090BC68 /* searcIcon.png */,
				643AFBCA1B2C22310090BC68 /* timeIcon.png */,
				643AFBC81B2C1FF40090BC68 /* personsIcon.png */,
				643AFBC61B2C1C5C0090BC68 /* difficultIcon.png */,
				643AFBBE1B2B89D90090BC68 /* kartofel.jpg */,
				643AFBC01B2C00330090BC68 /* recipes_placeholder.png */,
				647031FF1B2AF0420084D58A /* LaunchScreen.xib */,
				647031F01B2AF0420084D58A /* Supporting Files */,
			);
			path = RecipeMe;
			sourceTree = "<group>";
		};
		647031F01B2AF0420084D58A /* Supporting Files */ = {
			isa = PBXGroup;
			children = (
				647031F11B2AF0420084D58A /* Info.plist */,
				647031F21B2AF0420084D58A /* main.m */,
			);
			name = "Supporting Files";
			sourceTree = "<group>";
		};
		647032091B2AF0420084D58A /* RecipeMeTests */ = {
			isa = PBXGroup;
			children = (
				64FFCD3E1B3C317300A4DDCC /* Comment */,
				6455C3C01B3BFF870013872F /* Ingridient */,
				6455C3B01B3BE1ED0013872F /* Step */,
				643AFBAD1B2B46590090BC68 /* Recipe */,
				643AFBA51B2B31AD0090BC68 /* ServerConnection */,
				6470320A1B2AF0420084D58A /* Supporting Files */,
			);
			path = RecipeMeTests;
			sourceTree = "<group>";
		};
		6470320A1B2AF0420084D58A /* Supporting Files */ = {
			isa = PBXGroup;
			children = (
				6470320B1B2AF0420084D58A /* Info.plist */,
			);
			name = "Supporting Files";
			sourceTree = "<group>";
		};
		647875FE1B2B0A8700401720 /* Models */ = {
			isa = PBXGroup;
			children = (
				64B3A9071B4305BE0050F328 /* delegates */,
				64FFCD3A1B3C307100A4DDCC /* comment */,
				6455C3BC1B3BFF620013872F /* ingridient */,
				6455C3AF1B3BE1D50013872F /* step */,
				643AFBC21B2C10550090BC68 /* user */,
				643AFBA91B2B45E70090BC68 /* recipe */,
				643AFBA11B2B30740090BC68 /* ServerConnection */,
			);
			name = Models;
			sourceTree = "<group>";
		};
		647875FF1B2B0A9000401720 /* Controllers */ = {
			isa = PBXGroup;
			children = (
				64C5B17F1B4824720043C9D3 /* sidebar */,
				64C5B17B1B481DDC0043C9D3 /* SWRevealViewController */,
				64BD17E11B45EB0800DA2B36 /* users */,
				647876011B2B0ACE00401720 /* recipes */,
			);
			name = Controllers;
			sourceTree = "<group>";
		};
		647876001B2B0A9800401720 /* Views */ = {
			isa = PBXGroup;
			children = (
				64FFCD411B3C341C00A4DDCC /* comments */,
				6455C3C31B3C03560013872F /* ingridients */,
				6455C3B61B3BEFC50013872F /* steps */,
				643AFBB51B2B71350090BC68 /* recipes */,
			);
			name = Views;
			sourceTree = "<group>";
		};
		647876011B2B0ACE00401720 /* recipes */ = {
			isa = PBXGroup;
			children = (
				643AFBB21B2B70A20090BC68 /* RecipesListViewController.h */,
				643AFBB31B2B70A20090BC68 /* RecipesListViewController.m */,
				6404CBFE1B2DB511005B5A0D /* RecipeDetailViewController.h */,
				6404CBFF1B2DB511005B5A0D /* RecipeDetailViewController.m */,
			);
			name = recipes;
			sourceTree = "<group>";
		};
		64B3A9071B4305BE0050F328 /* delegates */ = {
			isa = PBXGroup;
			children = (
				64B3A9081B4305D70050F328 /* RecipeCellDelegate.h */,
				6402BC8A1B45E62300F0A6F8 /* StepCellDelegate.h */,
				64BD17E51B45F28300DA2B36 /* UserDelegate.h */,
			);
			name = delegates;
			sourceTree = "<group>";
		};
		64BD17E11B45EB0800DA2B36 /* users */ = {
			isa = PBXGroup;
			children = (
				64BD17E21B45EB4000DA2B36 /* UsersViewController.h */,
				64BD17E31B45EB4000DA2B36 /* UsersViewController.m */,
			);
			name = users;
			sourceTree = "<group>";
		};
		64C5B17B1B481DDC0043C9D3 /* SWRevealViewController */ = {
			isa = PBXGroup;
			children = (
				64C5B17C1B481DEC0043C9D3 /* SWRevealViewController.h */,
				64C5B17D1B481DEC0043C9D3 /* SWRevealViewController.m */,
			);
			name = SWRevealViewController;
			sourceTree = "<group>";
		};
		64C5B17F1B4824720043C9D3 /* sidebar */ = {
			isa = PBXGroup;
			children = (
				64C5B1801B4824850043C9D3 /* SidebarViewController.h */,
				64C5B1811B4824850043C9D3 /* SidebarViewController.m */,
			);
			name = sidebar;
			sourceTree = "<group>";
		};
		64CA8EC189E6C311A2CF3B50 /* Pods */ = {
			isa = PBXGroup;
			children = (
				A9B5E53A283533F0ADF9BF76 /* Pods-RecipeMe.debug.xcconfig */,
				A481FD8DD02C38121CA82199 /* Pods-RecipeMe.release.xcconfig */,
				CD4F2962DC779CACDE5F561B /* Pods-RecipeMeTests.debug.xcconfig */,
				615E452ACEAC29CBF7F2D650 /* Pods-RecipeMeTests.release.xcconfig */,
			);
			name = Pods;
			sourceTree = "<group>";
		};
		64FFCD3A1B3C307100A4DDCC /* comment */ = {
			isa = PBXGroup;
			children = (
				64FFCD3B1B3C308800A4DDCC /* Comment.h */,
				64FFCD3C1B3C308800A4DDCC /* Comment.m */,
			);
			name = comment;
			sourceTree = "<group>";
		};
		64FFCD3E1B3C317300A4DDCC /* Comment */ = {
			isa = PBXGroup;
			children = (
				64FFCD3F1B3C318500A4DDCC /* CommentSpec.m */,
			);
			name = Comment;
			sourceTree = "<group>";
		};
		64FFCD411B3C341C00A4DDCC /* comments */ = {
			isa = PBXGroup;
			children = (
				64FFCD431B3C343D00A4DDCC /* CommentTableViewCell.h */,
				64FFCD441B3C343D00A4DDCC /* CommentTableViewCell.m */,
				64FFCD451B3C343D00A4DDCC /* CommentTableViewCell.xib */,
				64FFCD4B1B3C346500A4DDCC /* CommentHeaderTableViewCell.h */,
				64FFCD4C1B3C346500A4DDCC /* CommentHeaderTableViewCell.m */,
				64FFCD4D1B3C346500A4DDCC /* CommentHeaderTableViewCell.xib */,
				6467E0E31B42A41E001BB1CD /* commentFormView.xib */,
				6467E0ED1B42A72F001BB1CD /* commentForm.h */,
				6467E0EE1B42A72F001BB1CD /* commentForm.m */,
			);
			name = comments;
			sourceTree = "<group>";
		};
		FA7D341202A684A2FB45CA1D /* Frameworks */ = {
			isa = PBXGroup;
			children = (
				A03A9DE5F479A1981245B8DF /* libPods-RecipeMe.a */,
				4E191853DFC22572833285A4 /* libPods-RecipeMeTests.a */,
			);
			name = Frameworks;
			sourceTree = "<group>";
		};
/* End PBXGroup section */

/* Begin PBXNativeTarget section */
		647031EC1B2AF0420084D58A /* RecipeMe */ = {
			isa = PBXNativeTarget;
			buildConfigurationList = 647032101B2AF0420084D58A /* Build configuration list for PBXNativeTarget "RecipeMe" */;
			buildPhases = (
				82F6AF13C5C8665E950C6001 /* Check Pods Manifest.lock */,
				647031E91B2AF0420084D58A /* Sources */,
				647031EA1B2AF0420084D58A /* Frameworks */,
				647031EB1B2AF0420084D58A /* Resources */,
				BA5AD41334F476D7AA73D32D /* Copy Pods Resources */,
			);
			buildRules = (
			);
			dependencies = (
			);
			name = RecipeMe;
			productName = RecipeMe;
			productReference = 647031ED1B2AF0420084D58A /* RecipeMe.app */;
			productType = "com.apple.product-type.application";
		};
		647032051B2AF0420084D58A /* RecipeMeTests */ = {
			isa = PBXNativeTarget;
			buildConfigurationList = 647032131B2AF0420084D58A /* Build configuration list for PBXNativeTarget "RecipeMeTests" */;
			buildPhases = (
				C580E0B13E70CBC9BE1D0FB2 /* Check Pods Manifest.lock */,
				647032021B2AF0420084D58A /* Sources */,
				647032031B2AF0420084D58A /* Frameworks */,
				647032041B2AF0420084D58A /* Resources */,
				23676B57E08459E662DBF30D /* Copy Pods Resources */,
			);
			buildRules = (
			);
			dependencies = (
				647032081B2AF0420084D58A /* PBXTargetDependency */,
			);
			name = RecipeMeTests;
			productName = RecipeMeTests;
			productReference = 647032061B2AF0420084D58A /* RecipeMeTests.xctest */;
			productType = "com.apple.product-type.bundle.unit-test";
		};
/* End PBXNativeTarget section */

/* Begin PBXProject section */
		647031E51B2AF0420084D58A /* Project object */ = {
			isa = PBXProject;
			attributes = {
				LastUpgradeCheck = 0630;
				ORGANIZATIONNAME = vsokoltsov;
				TargetAttributes = {
					647031EC1B2AF0420084D58A = {
						CreatedOnToolsVersion = 6.3.1;
						DevelopmentTeam = H6WZYAW7R8;
					};
					647032051B2AF0420084D58A = {
						CreatedOnToolsVersion = 6.3.1;
						TestTargetID = 647031EC1B2AF0420084D58A;
					};
				};
			};
			buildConfigurationList = 647031E81B2AF0420084D58A /* Build configuration list for PBXProject "RecipeMe" */;
			compatibilityVersion = "Xcode 3.2";
			developmentRegion = English;
			hasScannedForEncodings = 0;
			knownRegions = (
				en,
				Base,
				ru,
			);
			mainGroup = 647031E41B2AF0420084D58A;
			productRefGroup = 647031EE1B2AF0420084D58A /* Products */;
			projectDirPath = "";
			projectRoot = "";
			targets = (
				647031EC1B2AF0420084D58A /* RecipeMe */,
				647032051B2AF0420084D58A /* RecipeMeTests */,
			);
		};
/* End PBXProject section */

/* Begin PBXResourcesBuildPhase section */
		647031EB1B2AF0420084D58A /* Resources */ = {
			isa = PBXResourcesBuildPhase;
			buildActionMask = 2147483647;
			files = (
				6467E0EA1B42A5FE001BB1CD /* stepsIcon.png in Resources */,
				6467E0E41B42A41E001BB1CD /* commentFormView.xib in Resources */,
				6455C3CB1B3C03C60013872F /* IngridientsTableViewCell.xib in Resources */,
				64FFCD4F1B3C346500A4DDCC /* CommentHeaderTableViewCell.xib in Resources */,
				643AFBBF1B2B89D90090BC68 /* kartofel.jpg in Resources */,
				64C5B1841B4824E60043C9D3 /* menu-32.png in Resources */,
				6467E0EC1B42A5FE001BB1CD /* commentIcon.png in Resources */,
				6467E0E61B42A53C001BB1CD /* commentCreateIcon.png in Resources */,
				643AFBCB1B2C22310090BC68 /* timeIcon.png in Resources */,
				6455C3BB1B3BEFDF0013872F /* StepTableViewCell.xib in Resources */,
				6455C3D51B3C0C230013872F /* StepHeaderTableViewCell.xib in Resources */,
				647031FC1B2AF0420084D58A /* Main.storyboard in Resources */,
				643AFBDD1B2C3EAB0090BC68 /* searcIcon.png in Resources */,
				643AFBC71B2C1C5C0090BC68 /* difficultIcon.png in Resources */,
				64101E1E1B2C557B006D516D /* heartIcon.png in Resources */,
				647032011B2AF0420084D58A /* LaunchScreen.xib in Resources */,
				6467E0EB1B42A5FE001BB1CD /* ingridientsIcon.png in Resources */,
				643AFBD51B2C30410090BC68 /* Localizable.strings in Resources */,
				64FFCD471B3C343D00A4DDCC /* CommentTableViewCell.xib in Resources */,
				647031FE1B2AF0420084D58A /* Images.xcassets in Resources */,
				643AFBC91B2C1FF40090BC68 /* personsIcon.png in Resources */,
				6455C3D01B3C09FF0013872F /* IngridientHeaderTableViewCell.xib in Resources */,
				643AFBC11B2C00330090BC68 /* recipes_placeholder.png in Resources */,
				643AFBBD1B2B72DE0090BC68 /* RecipesListTableViewCell.xib in Resources */,
			);
			runOnlyForDeploymentPostprocessing = 0;
		};
		647032041B2AF0420084D58A /* Resources */ = {
			isa = PBXResourcesBuildPhase;
			buildActionMask = 2147483647;
			files = (
			);
			runOnlyForDeploymentPostprocessing = 0;
		};
/* End PBXResourcesBuildPhase section */

/* Begin PBXShellScriptBuildPhase section */
		23676B57E08459E662DBF30D /* Copy Pods Resources */ = {
			isa = PBXShellScriptBuildPhase;
			buildActionMask = 2147483647;
			files = (
			);
			inputPaths = (
			);
			name = "Copy Pods Resources";
			outputPaths = (
			);
			runOnlyForDeploymentPostprocessing = 0;
			shellPath = /bin/sh;
			shellScript = "\"${SRCROOT}/Pods/Target Support Files/Pods-RecipeMeTests/Pods-RecipeMeTests-resources.sh\"\n";
			showEnvVarsInLog = 0;
		};
		82F6AF13C5C8665E950C6001 /* Check Pods Manifest.lock */ = {
			isa = PBXShellScriptBuildPhase;
			buildActionMask = 2147483647;
			files = (
			);
			inputPaths = (
			);
			name = "Check Pods Manifest.lock";
			outputPaths = (
			);
			runOnlyForDeploymentPostprocessing = 0;
			shellPath = /bin/sh;
			shellScript = "diff \"${PODS_ROOT}/../Podfile.lock\" \"${PODS_ROOT}/Manifest.lock\" > /dev/null\nif [[ $? != 0 ]] ; then\n    cat << EOM\nerror: The sandbox is not in sync with the Podfile.lock. Run 'pod install' or update your CocoaPods installation.\nEOM\n    exit 1\nfi\n";
			showEnvVarsInLog = 0;
		};
		BA5AD41334F476D7AA73D32D /* Copy Pods Resources */ = {
			isa = PBXShellScriptBuildPhase;
			buildActionMask = 2147483647;
			files = (
			);
			inputPaths = (
			);
			name = "Copy Pods Resources";
			outputPaths = (
			);
			runOnlyForDeploymentPostprocessing = 0;
			shellPath = /bin/sh;
			shellScript = "\"${SRCROOT}/Pods/Target Support Files/Pods-RecipeMe/Pods-RecipeMe-resources.sh\"\n";
			showEnvVarsInLog = 0;
		};
		C580E0B13E70CBC9BE1D0FB2 /* Check Pods Manifest.lock */ = {
			isa = PBXShellScriptBuildPhase;
			buildActionMask = 2147483647;
			files = (
			);
			inputPaths = (
			);
			name = "Check Pods Manifest.lock";
			outputPaths = (
			);
			runOnlyForDeploymentPostprocessing = 0;
			shellPath = /bin/sh;
			shellScript = "diff \"${PODS_ROOT}/../Podfile.lock\" \"${PODS_ROOT}/Manifest.lock\" > /dev/null\nif [[ $? != 0 ]] ; then\n    cat << EOM\nerror: The sandbox is not in sync with the Podfile.lock. Run 'pod install' or update your CocoaPods installation.\nEOM\n    exit 1\nfi\n";
			showEnvVarsInLog = 0;
		};
/* End PBXShellScriptBuildPhase section */

/* Begin PBXSourcesBuildPhase section */
		647031E91B2AF0420084D58A /* Sources */ = {
			isa = PBXSourcesBuildPhase;
			buildActionMask = 2147483647;
			files = (
				6455C3BF1B3BFF790013872F /* Ingridient.m in Sources */,
				64BD17E41B45EB4000DA2B36 /* UsersViewController.m in Sources */,
				64FFCD461B3C343D00A4DDCC /* CommentTableViewCell.m in Sources */,
				6455C3D41B3C0C230013872F /* StepHeaderTableViewCell.m in Sources */,
				643AFBC51B2C106C0090BC68 /* User.m in Sources */,
				643AFBA41B2B30AD0090BC68 /* ServerConnection.m in Sources */,
				6455C3CA1B3C03C60013872F /* IngridientsTableViewCell.m in Sources */,
				643AFBAC1B2B45FB0090BC68 /* Recipe.m in Sources */,
				647031F91B2AF0420084D58A /* ViewController.m in Sources */,
				64FFCD3D1B3C308800A4DDCC /* Comment.m in Sources */,
				6404CC001B2DB511005B5A0D /* RecipeDetailViewController.m in Sources */,
				64FFCD4E1B3C346500A4DDCC /* CommentHeaderTableViewCell.m in Sources */,
				6455C3B51B3BE2480013872F /* Step.m in Sources */,
				6467E0EF1B42A72F001BB1CD /* commentForm.m in Sources */,
				64C5B17E1B481DEC0043C9D3 /* SWRevealViewController.m in Sources */,
				6455C3BA1B3BEFDF0013872F /* StepTableViewCell.m in Sources */,
				643AFBBC1B2B72DE0090BC68 /* RecipesListTableViewCell.m in Sources */,
				647031F61B2AF0420084D58A /* AppDelegate.m in Sources */,
				643AFBB41B2B70A20090BC68 /* RecipesListViewController.m in Sources */,
				647031F31B2AF0420084D58A /* main.m in Sources */,
				6455C3CF1B3C09FF0013872F /* IngridientHeaderTableViewCell.m in Sources */,
				64C5B1821B4824850043C9D3 /* SidebarViewController.m in Sources */,
			);
			runOnlyForDeploymentPostprocessing = 0;
		};
		647032021B2AF0420084D58A /* Sources */ = {
			isa = PBXSourcesBuildPhase;
			buildActionMask = 2147483647;
			files = (
				64F7FCF61B2D4DCB00286053 /* RecipesListViewController.m in Sources */,
				643AFBA81B2B33AF0090BC68 /* ServerConnection.m in Sources */,
				6455C3B21B3BE1FF0013872F /* StepSpec.m in Sources */,
				6455C3C21B3BFF960013872F /* IngridientSpec.m in Sources */,
				643AFBA71B2B31BE0090BC68 /* ServerConnectionSpec.m in Sources */,
				64FFCD401B3C318500A4DDCC /* CommentSpec.m in Sources */,
				643AFBB11B2B468B0090BC68 /* RecipeSpec.m in Sources */,
			);
			runOnlyForDeploymentPostprocessing = 0;
		};
/* End PBXSourcesBuildPhase section */

/* Begin PBXTargetDependency section */
		647032081B2AF0420084D58A /* PBXTargetDependency */ = {
			isa = PBXTargetDependency;
			target = 647031EC1B2AF0420084D58A /* RecipeMe */;
			targetProxy = 647032071B2AF0420084D58A /* PBXContainerItemProxy */;
		};
/* End PBXTargetDependency section */

/* Begin PBXVariantGroup section */
		643AFBD71B2C30410090BC68 /* Localizable.strings */ = {
			isa = PBXVariantGroup;
			children = (
				643AFBD61B2C30410090BC68 /* Base */,
				643AFBD81B2C30440090BC68 /* en */,
				643AFBD91B2C30450090BC68 /* ru */,
			);
			name = Localizable.strings;
			sourceTree = "<group>";
		};
		647031FA1B2AF0420084D58A /* Main.storyboard */ = {
			isa = PBXVariantGroup;
			children = (
				647031FB1B2AF0420084D58A /* Base */,
			);
			name = Main.storyboard;
			sourceTree = "<group>";
		};
		647031FF1B2AF0420084D58A /* LaunchScreen.xib */ = {
			isa = PBXVariantGroup;
			children = (
				647032001B2AF0420084D58A /* Base */,
			);
			name = LaunchScreen.xib;
			sourceTree = "<group>";
		};
/* End PBXVariantGroup section */

/* Begin XCBuildConfiguration section */
		6470320E1B2AF0420084D58A /* Debug */ = {
			isa = XCBuildConfiguration;
			buildSettings = {
				ALWAYS_SEARCH_USER_PATHS = NO;
				CLANG_CXX_LANGUAGE_STANDARD = "gnu++0x";
				CLANG_CXX_LIBRARY = "libc++";
				CLANG_ENABLE_MODULES = YES;
				CLANG_ENABLE_OBJC_ARC = YES;
				CLANG_WARN_BOOL_CONVERSION = YES;
				CLANG_WARN_CONSTANT_CONVERSION = YES;
				CLANG_WARN_DIRECT_OBJC_ISA_USAGE = YES_ERROR;
				CLANG_WARN_EMPTY_BODY = YES;
				CLANG_WARN_ENUM_CONVERSION = YES;
				CLANG_WARN_INT_CONVERSION = YES;
				CLANG_WARN_OBJC_ROOT_CLASS = YES_ERROR;
				CLANG_WARN_UNREACHABLE_CODE = YES;
				CLANG_WARN__DUPLICATE_METHOD_MATCH = YES;
				"CODE_SIGN_IDENTITY[sdk=iphoneos*]" = "iPhone Developer";
				COPY_PHASE_STRIP = NO;
				DEBUG_INFORMATION_FORMAT = "dwarf-with-dsym";
				ENABLE_STRICT_OBJC_MSGSEND = YES;
				GCC_C_LANGUAGE_STANDARD = gnu99;
				GCC_DYNAMIC_NO_PIC = NO;
				GCC_NO_COMMON_BLOCKS = YES;
				GCC_OPTIMIZATION_LEVEL = 0;
				GCC_PREPROCESSOR_DEFINITIONS = (
					"DEBUG=1",
					"$(inherited)",
				);
				GCC_SYMBOLS_PRIVATE_EXTERN = NO;
				GCC_WARN_64_TO_32_BIT_CONVERSION = YES;
				GCC_WARN_ABOUT_RETURN_TYPE = YES_ERROR;
				GCC_WARN_UNDECLARED_SELECTOR = YES;
				GCC_WARN_UNINITIALIZED_AUTOS = YES_AGGRESSIVE;
				GCC_WARN_UNUSED_FUNCTION = YES;
				GCC_WARN_UNUSED_VARIABLE = YES;
				IPHONEOS_DEPLOYMENT_TARGET = 8.3;
				MTL_ENABLE_DEBUG_INFO = YES;
				ONLY_ACTIVE_ARCH = YES;
				SDKROOT = iphoneos;
			};
			name = Debug;
		};
		6470320F1B2AF0420084D58A /* Release */ = {
			isa = XCBuildConfiguration;
			buildSettings = {
				ALWAYS_SEARCH_USER_PATHS = NO;
				CLANG_CXX_LANGUAGE_STANDARD = "gnu++0x";
				CLANG_CXX_LIBRARY = "libc++";
				CLANG_ENABLE_MODULES = YES;
				CLANG_ENABLE_OBJC_ARC = YES;
				CLANG_WARN_BOOL_CONVERSION = YES;
				CLANG_WARN_CONSTANT_CONVERSION = YES;
				CLANG_WARN_DIRECT_OBJC_ISA_USAGE = YES_ERROR;
				CLANG_WARN_EMPTY_BODY = YES;
				CLANG_WARN_ENUM_CONVERSION = YES;
				CLANG_WARN_INT_CONVERSION = YES;
				CLANG_WARN_OBJC_ROOT_CLASS = YES_ERROR;
				CLANG_WARN_UNREACHABLE_CODE = YES;
				CLANG_WARN__DUPLICATE_METHOD_MATCH = YES;
				"CODE_SIGN_IDENTITY[sdk=iphoneos*]" = "iPhone Developer";
				COPY_PHASE_STRIP = NO;
				DEBUG_INFORMATION_FORMAT = "dwarf-with-dsym";
				ENABLE_NS_ASSERTIONS = NO;
				ENABLE_STRICT_OBJC_MSGSEND = YES;
				GCC_C_LANGUAGE_STANDARD = gnu99;
				GCC_NO_COMMON_BLOCKS = YES;
				GCC_WARN_64_TO_32_BIT_CONVERSION = YES;
				GCC_WARN_ABOUT_RETURN_TYPE = YES_ERROR;
				GCC_WARN_UNDECLARED_SELECTOR = YES;
				GCC_WARN_UNINITIALIZED_AUTOS = YES_AGGRESSIVE;
				GCC_WARN_UNUSED_FUNCTION = YES;
				GCC_WARN_UNUSED_VARIABLE = YES;
				IPHONEOS_DEPLOYMENT_TARGET = 8.3;
				MTL_ENABLE_DEBUG_INFO = NO;
				SDKROOT = iphoneos;
				VALIDATE_PRODUCT = YES;
			};
			name = Release;
		};
		647032111B2AF0420084D58A /* Debug */ = {
			isa = XCBuildConfiguration;
			baseConfigurationReference = A9B5E53A283533F0ADF9BF76 /* Pods-RecipeMe.debug.xcconfig */;
			buildSettings = {
				ASSETCATALOG_COMPILER_APPICON_NAME = AppIcon;
				CODE_SIGN_IDENTITY = "iPhone Developer";
				INFOPLIST_FILE = RecipeMe/Info.plist;
				IPHONEOS_DEPLOYMENT_TARGET = 8.0;
				LD_RUNPATH_SEARCH_PATHS = "$(inherited) @executable_path/Frameworks";
				PRODUCT_NAME = "$(TARGET_NAME)";
			};
			name = Debug;
		};
		647032121B2AF0420084D58A /* Release */ = {
			isa = XCBuildConfiguration;
			baseConfigurationReference = A481FD8DD02C38121CA82199 /* Pods-RecipeMe.release.xcconfig */;
			buildSettings = {
				ASSETCATALOG_COMPILER_APPICON_NAME = AppIcon;
				CODE_SIGN_IDENTITY = "iPhone Developer";
				INFOPLIST_FILE = RecipeMe/Info.plist;
				IPHONEOS_DEPLOYMENT_TARGET = 8.0;
				LD_RUNPATH_SEARCH_PATHS = "$(inherited) @executable_path/Frameworks";
				PRODUCT_NAME = "$(TARGET_NAME)";
			};
			name = Release;
		};
		647032141B2AF0420084D58A /* Debug */ = {
			isa = XCBuildConfiguration;
			baseConfigurationReference = CD4F2962DC779CACDE5F561B /* Pods-RecipeMeTests.debug.xcconfig */;
			buildSettings = {
				BUNDLE_LOADER = "$(TEST_HOST)";
				FRAMEWORK_SEARCH_PATHS = (
					"$(SDKROOT)/Developer/Library/Frameworks",
					"$(inherited)",
				);
				GCC_PREPROCESSOR_DEFINITIONS = (
					"DEBUG=1",
					"$(inherited)",
				);
				INFOPLIST_FILE = RecipeMeTests/Info.plist;
				LD_RUNPATH_SEARCH_PATHS = "$(inherited) @executable_path/Frameworks @loader_path/Frameworks";
				PRODUCT_NAME = "$(TARGET_NAME)";
				TEST_HOST = "$(BUILT_PRODUCTS_DIR)/RecipeMe.app/RecipeMe";
			};
			name = Debug;
		};
		647032151B2AF0420084D58A /* Release */ = {
			isa = XCBuildConfiguration;
			baseConfigurationReference = 615E452ACEAC29CBF7F2D650 /* Pods-RecipeMeTests.release.xcconfig */;
			buildSettings = {
				BUNDLE_LOADER = "$(TEST_HOST)";
				FRAMEWORK_SEARCH_PATHS = (
					"$(SDKROOT)/Developer/Library/Frameworks",
					"$(inherited)",
				);
				INFOPLIST_FILE = RecipeMeTests/Info.plist;
				LD_RUNPATH_SEARCH_PATHS = "$(inherited) @executable_path/Frameworks @loader_path/Frameworks";
				PRODUCT_NAME = "$(TARGET_NAME)";
				TEST_HOST = "$(BUILT_PRODUCTS_DIR)/RecipeMe.app/RecipeMe";
			};
			name = Release;
		};
/* End XCBuildConfiguration section */

/* Begin XCConfigurationList section */
		647031E81B2AF0420084D58A /* Build configuration list for PBXProject "RecipeMe" */ = {
			isa = XCConfigurationList;
			buildConfigurations = (
				6470320E1B2AF0420084D58A /* Debug */,
				6470320F1B2AF0420084D58A /* Release */,
			);
			defaultConfigurationIsVisible = 0;
			defaultConfigurationName = Release;
		};
		647032101B2AF0420084D58A /* Build configuration list for PBXNativeTarget "RecipeMe" */ = {
			isa = XCConfigurationList;
			buildConfigurations = (
				647032111B2AF0420084D58A /* Debug */,
				647032121B2AF0420084D58A /* Release */,
			);
			defaultConfigurationIsVisible = 0;
			defaultConfigurationName = Release;
		};
		647032131B2AF0420084D58A /* Build configuration list for PBXNativeTarget "RecipeMeTests" */ = {
			isa = XCConfigurationList;
			buildConfigurations = (
				647032141B2AF0420084D58A /* Debug */,
				647032151B2AF0420084D58A /* Release */,
			);
			defaultConfigurationIsVisible = 0;
			defaultConfigurationName = Release;
		};
/* End XCConfigurationList section */
	};
	rootObject = 647031E51B2AF0420084D58A /* Project object */;
}
